// !$*UTF8*$!
{
	archiveVersion = 1;
	classes = {
	};
	objectVersion = 77;
	objects = {

/* Begin PBXContainerItemProxy section */
		C18868F92EDB64640003A8EA /* PBXContainerItemProxy */ = {
			isa = PBXContainerItemProxy;
			containerPortal = C18868E02EDB64610003A8EA /* Project object */;
			proxyType = 1;
			remoteGlobalIDString = C18868E72EDB64610003A8EA;
			remoteInfo = ActivityTrackerClass1;
		};
		C18869032EDB64640003A8EA /* PBXContainerItemProxy */ = {
			isa = PBXContainerItemProxy;
			containerPortal = C18868E02EDB64610003A8EA /* Project object */;
			proxyType = 1;
			remoteGlobalIDString = C18868E72EDB64610003A8EA;
			remoteInfo = ActivityTrackerClass1;
		};
/* End PBXContainerItemProxy section */

/* Begin PBXFileReference section */
		C18868E82EDB64610003A8EA /* ActivityTrackerClass1.app */ = {isa = PBXFileReference; explicitFileType = wrapper.application; includeInIndex = 0; path = ActivityTrackerClass1.app; sourceTree = BUILT_PRODUCTS_DIR; };
		C18868F82EDB64640003A8EA /* ActivityTrackerClass1Tests.xctest */ = {isa = PBXFileReference; explicitFileType = wrapper.cfbundle; includeInIndex = 0; path = ActivityTrackerClass1Tests.xctest; sourceTree = BUILT_PRODUCTS_DIR; };
		C18869022EDB64640003A8EA /* ActivityTrackerClass1UITests.xctest */ = {isa = PBXFileReference; explicitFileType = wrapper.cfbundle; includeInIndex = 0; path = ActivityTrackerClass1UITests.xctest; sourceTree = BUILT_PRODUCTS_DIR; };
/* End PBXFileReference section */

/* Begin PBXFileSystemSynchronizedRootGroup section */
		C18868EA2EDB64610003A8EA /* ActivityTrackerClass1 */ = {
			isa = PBXFileSystemSynchronizedRootGroup;
			path = ActivityTrackerClass1;
			sourceTree = "<group>";
		};
		C18868FB2EDB64640003A8EA /* ActivityTrackerClass1Tests */ = {
			isa = PBXFileSystemSynchronizedRootGroup;
			path = ActivityTrackerClass1Tests;
			sourceTree = "<group>";
		};
		C18869052EDB64640003A8EA /* ActivityTrackerClass1UITests */ = {
			isa = PBXFileSystemSynchronizedRootGroup;
			path = ActivityTrackerClass1UITests;
			sourceTree = "<group>";
		};
/* End PBXFileSystemSynchronizedRootGroup section */

/* Begin PBXFrameworksBuildPhase section */
		C18868E52EDB64610003A8EA /* Frameworks */ = {
			isa = PBXFrameworksBuildPhase;
			buildActionMask = 2147483647;
			files = (
			);
			runOnlyForDeploymentPostprocessing = 0;
		};
		C18868F52EDB64640003A8EA /* Frameworks */ = {
			isa = PBXFrameworksBuildPhase;
			buildActionMask = 2147483647;
			files = (
			);
			runOnlyForDeploymentPostprocessing = 0;
		};
		C18868FF2EDB64640003A8EA /* Frameworks */ = {
			isa = PBXFrameworksBuildPhase;
			buildActionMask = 2147483647;
			files = (
			);
			runOnlyForDeploymentPostprocessing = 0;
		};
/* End PBXFrameworksBuildPhase section */

/* Begin PBXGroup section */
		C18868DF2EDB64610003A8EA = {
			isa = PBXGroup;
			children = (
				C18868EA2EDB64610003A8EA /* ActivityTrackerClass1 */,
				C18868FB2EDB64640003A8EA /* ActivityTrackerClass1Tests */,
				C18869052EDB64640003A8EA /* ActivityTrackerClass1UITests */,
				C18868E92EDB64610003A8EA /* Products */,
			);
			sourceTree = "<group>";
		};
		C18868E92EDB64610003A8EA /* Products */ = {
			isa = PBXGroup;
			children = (
				C18868E82EDB64610003A8EA /* ActivityTrackerClass1.app */,
				C18868F82EDB64640003A8EA /* ActivityTrackerClass1Tests.xctest */,
				C18869022EDB64640003A8EA /* ActivityTrackerClass1UITests.xctest */,
			);
			name = Products;
			sourceTree = "<group>";
		};
/* End PBXGroup section */

/* Begin PBXNativeTarget section */
		C18868E72EDB64610003A8EA /* ActivityTrackerClass1 */ = {
			isa = PBXNativeTarget;
			buildConfigurationList = C188690C2EDB64640003A8EA /* Build configuration list for PBXNativeTarget "ActivityTrackerClass1" */;
			buildPhases = (
				C18868E42EDB64610003A8EA /* Sources */,
				C18868E52EDB64610003A8EA /* Frameworks */,
				C18868E62EDB64610003A8EA /* Resources */,
			);
			buildRules = (
			);
			dependencies = (
			);
			fileSystemSynchronizedGroups = (
				C18868EA2EDB64610003A8EA /* ActivityTrackerClass1 */,
			);
			name = ActivityTrackerClass1;
			packageProductDependencies = (
			);
			productName = ActivityTrackerClass1;
			productReference = C18868E82EDB64610003A8EA /* ActivityTrackerClass1.app */;
			productType = "com.apple.product-type.application";
		};
		C18868F72EDB64640003A8EA /* ActivityTrackerClass1Tests */ = {
			isa = PBXNativeTarget;
			buildConfigurationList = C188690F2EDB64640003A8EA /* Build configuration list for PBXNativeTarget "ActivityTrackerClass1Tests" */;
			buildPhases = (
				C18868F42EDB64640003A8EA /* Sources */,
				C18868F52EDB64640003A8EA /* Frameworks */,
				C18868F62EDB64640003A8EA /* Resources */,
			);
			buildRules = (
			);
			dependencies = (
				C18868FA2EDB64640003A8EA /* PBXTargetDependency */,
			);
			fileSystemSynchronizedGroups = (
				C18868FB2EDB64640003A8EA /* ActivityTrackerClass1Tests */,
			);
			name = ActivityTrackerClass1Tests;
			packageProductDependencies = (
			);
			productName = ActivityTrackerClass1Tests;
			productReference = C18868F82EDB64640003A8EA /* ActivityTrackerClass1Tests.xctest */;
			productType = "com.apple.product-type.bundle.unit-test";
		};
		C18869012EDB64640003A8EA /* ActivityTrackerClass1UITests */ = {
			isa = PBXNativeTarget;
			buildConfigurationList = C18869122EDB64640003A8EA /* Build configuration list for PBXNativeTarget "ActivityTrackerClass1UITests" */;
			buildPhases = (
				C18868FE2EDB64640003A8EA /* Sources */,
				C18868FF2EDB64640003A8EA /* Frameworks */,
				C18869002EDB64640003A8EA /* Resources */,
			);
			buildRules = (
			);
			dependencies = (
				C18869042EDB64640003A8EA /* PBXTargetDependency */,
			);
			fileSystemSynchronizedGroups = (
				C18869052EDB64640003A8EA /* ActivityTrackerClass1UITests */,
			);
			name = ActivityTrackerClass1UITests;
			packageProductDependencies = (
			);
			productName = ActivityTrackerClass1UITests;
			productReference = C18869022EDB64640003A8EA /* ActivityTrackerClass1UITests.xctest */;
			productType = "com.apple.product-type.bundle.ui-testing";
		};
/* End PBXNativeTarget section */

/* Begin PBXProject section */
		C18868E02EDB64610003A8EA /* Project object */ = {
			isa = PBXProject;
			attributes = {
				BuildIndependentTargetsInParallel = 1;
				LastSwiftUpdateCheck = 1600;
				LastUpgradeCheck = 1600;
				TargetAttributes = {
					C18868E72EDB64610003A8EA = {
						CreatedOnToolsVersion = 16.0;
					};
					C18868F72EDB64640003A8EA = {
						CreatedOnToolsVersion = 16.0;
						TestTargetID = C18868E72EDB64610003A8EA;
					};
					C18869012EDB64640003A8EA = {
						CreatedOnToolsVersion = 16.0;
						TestTargetID = C18868E72EDB64610003A8EA;
					};
				};
			};
			buildConfigurationList = C18868E32EDB64610003A8EA /* Build configuration list for PBXProject "ActivityTrackerClass1" */;
			developmentRegion = en;
			hasScannedForEncodings = 0;
			knownRegions = (
				en,
				Base,
			);
			mainGroup = C18868DF2EDB64610003A8EA;
			minimizedProjectReferenceProxies = 1;
			preferredProjectObjectVersion = 77;
			productRefGroup = C18868E92EDB64610003A8EA /* Products */;
			projectDirPath = "";
			projectRoot = "";
			targets = (
				C18868E72EDB64610003A8EA /* ActivityTrackerClass1 */,
				C18868F72EDB64640003A8EA /* ActivityTrackerClass1Tests */,
				C18869012EDB64640003A8EA /* ActivityTrackerClass1UITests */,
			);
		};
/* End PBXProject section */

/* Begin PBXResourcesBuildPhase section */
		C18868E62EDB64610003A8EA /* Resources */ = {
			isa = PBXResourcesBuildPhase;
			buildActionMask = 2147483647;
			files = (
			);
			runOnlyForDeploymentPostprocessing = 0;
		};
		C18868F62EDB64640003A8EA /* Resources */ = {
			isa = PBXResourcesBuildPhase;
			buildActionMask = 2147483647;
			files = (
			);
			runOnlyForDeploymentPostprocessing = 0;
		};
		C18869002EDB64640003A8EA /* Resources */ = {
			isa = PBXResourcesBuildPhase;
			buildActionMask = 2147483647;
			files = (
			);
			runOnlyForDeploymentPostprocessing = 0;
		};
/* End PBXResourcesBuildPhase section */

/* Begin PBXSourcesBuildPhase section */
		C18868E42EDB64610003A8EA /* Sources */ = {
			isa = PBXSourcesBuildPhase;
			buildActionMask = 2147483647;
			files = (
			);
			runOnlyForDeploymentPostprocessing = 0;
		};
		C18868F42EDB64640003A8EA /* Sources */ = {
			isa = PBXSourcesBuildPhase;
			buildActionMask = 2147483647;
			files = (
			);
			runOnlyForDeploymentPostprocessing = 0;
		};
		C18868FE2EDB64640003A8EA /* Sources */ = {
			isa = PBXSourcesBuildPhase;
			buildActionMask = 2147483647;
			files = (
			);
			runOnlyForDeploymentPostprocessing = 0;
		};
/* End PBXSourcesBuildPhase section */

/* Begin PBXTargetDependency section */
		C18868FA2EDB64640003A8EA /* PBXTargetDependency */ = {
			isa = PBXTargetDependency;
			target = C18868E72EDB64610003A8EA /* ActivityTrackerClass1 */;
			targetProxy = C18868F92EDB64640003A8EA /* PBXContainerItemProxy */;
		};
		C18869042EDB64640003A8EA /* PBXTargetDependency */ = {
			isa = PBXTargetDependency;
			target = C18868E72EDB64610003A8EA /* ActivityTrackerClass1 */;
			targetProxy = C18869032EDB64640003A8EA /* PBXContainerItemProxy */;
		};
/* End PBXTargetDependency section */

/* Begin XCBuildConfiguration section */
		C188690A2EDB64640003A8EA /* Debug */ = {
			isa = XCBuildConfiguration;
			buildSettings = {
				ALWAYS_SEARCH_USER_PATHS = NO;
				ASSETCATALOG_COMPILER_GENERATE_SWIFT_ASSET_SYMBOL_EXTENSIONS = YES;
				CLANG_ANALYZER_NONNULL = YES;
				CLANG_ANALYZER_NUMBER_OBJECT_CONVERSION = YES_AGGRESSIVE;
				CLANG_CXX_LANGUAGE_STANDARD = "gnu++20";
				CLANG_ENABLE_MODULES = YES;
				CLANG_ENABLE_OBJC_ARC = YES;
				CLANG_ENABLE_OBJC_WEAK = YES;
				CLANG_WARN_BLOCK_CAPTURE_AUTORELEASING = YES;
				CLANG_WARN_BOOL_CONVERSION = YES;
				CLANG_WARN_COMMA = YES;
				CLANG_WARN_CONSTANT_CONVERSION = YES;
				CLANG_WARN_DEPRECATED_OBJC_IMPLEMENTATIONS = YES;
				CLANG_WARN_DIRECT_OBJC_ISA_USAGE = YES_ERROR;
				CLANG_WARN_DOCUMENTATION_COMMENTS = YES;
				CLANG_WARN_EMPTY_BODY = YES;
				CLANG_WARN_ENUM_CONVERSION = YES;
				CLANG_WARN_INFINITE_RECURSION = YES;
				CLANG_WARN_INT_CONVERSION = YES;
				CLANG_WARN_NON_LITERAL_NULL_CONVERSION = YES;
				CLANG_WARN_OBJC_IMPLICIT_RETAIN_SELF = YES;
				CLANG_WARN_OBJC_LITERAL_CONVERSION = YES;
				CLANG_WARN_OBJC_ROOT_CLASS = YES_ERROR;
				CLANG_WARN_QUOTED_INCLUDE_IN_FRAMEWORK_HEADER = YES;
				CLANG_WARN_RANGE_LOOP_ANALYSIS = YES;
				CLANG_WARN_STRICT_PROTOTYPES = YES;
				CLANG_WARN_SUSPICIOUS_MOVE = YES;
				CLANG_WARN_UNGUARDED_AVAILABILITY = YES_AGGRESSIVE;
				CLANG_WARN_UNREACHABLE_CODE = YES;
				CLANG_WARN__DUPLICATE_METHOD_MATCH = YES;
				COPY_PHASE_STRIP = NO;
				DEBUG_INFORMATION_FORMAT = dwarf;
				ENABLE_STRICT_OBJC_MSGSEND = YES;
				ENABLE_TESTABILITY = YES;
				ENABLE_USER_SCRIPT_SANDBOXING = YES;
				GCC_C_LANGUAGE_STANDARD = gnu17;
				GCC_DYNAMIC_NO_PIC = NO;
				GCC_NO_COMMON_BLOCKS = YES;
				GCC_OPTIMIZATION_LEVEL = 0;
				GCC_PREPROCESSOR_DEFINITIONS = (
					"DEBUG=1",
					"$(inherited)",
				);
				GCC_WARN_64_TO_32_BIT_CONVERSION = YES;
				GCC_WARN_ABOUT_RETURN_TYPE = YES_ERROR;
				GCC_WARN_UNDECLARED_SELECTOR = YES;
				GCC_WARN_UNINITIALIZED_AUTOS = YES_AGGRESSIVE;
				GCC_WARN_UNUSED_FUNCTION = YES;
				GCC_WARN_UNUSED_VARIABLE = YES;
				IPHONEOS_DEPLOYMENT_TARGET = 18.0;
				LOCALIZATION_PREFERS_STRING_CATALOGS = YES;
				MTL_ENABLE_DEBUG_INFO = INCLUDE_SOURCE;
				MTL_FAST_MATH = YES;
				ONLY_ACTIVE_ARCH = YES;
				SDKROOT = iphoneos;
				SWIFT_ACTIVE_COMPILATION_CONDITIONS = "DEBUG $(inherited)";
				SWIFT_OPTIMIZATION_LEVEL = "-Onone";
			};
			name = Debug;
		};
		C188690B2EDB64640003A8EA /* Release */ = {
			isa = XCBuildConfiguration;
			buildSettings = {
				ALWAYS_SEARCH_USER_PATHS = NO;
				ASSETCATALOG_COMPILER_GENERATE_SWIFT_ASSET_SYMBOL_EXTENSIONS = YES;
				CLANG_ANALYZER_NONNULL = YES;
				CLANG_ANALYZER_NUMBER_OBJECT_CONVERSION = YES_AGGRESSIVE;
				CLANG_CXX_LANGUAGE_STANDARD = "gnu++20";
				CLANG_ENABLE_MODULES = YES;
				CLANG_ENABLE_OBJC_ARC = YES;
				CLANG_ENABLE_OBJC_WEAK = YES;
				CLANG_WARN_BLOCK_CAPTURE_AUTORELEASING = YES;
				CLANG_WARN_BOOL_CONVERSION = YES;
				CLANG_WARN_COMMA = YES;
				CLANG_WARN_CONSTANT_CONVERSION = YES;
				CLANG_WARN_DEPRECATED_OBJC_IMPLEMENTATIONS = YES;
				CLANG_WARN_DIRECT_OBJC_ISA_USAGE = YES_ERROR;
				CLANG_WARN_DOCUMENTATION_COMMENTS = YES;
				CLANG_WARN_EMPTY_BODY = YES;
				CLANG_WARN_ENUM_CONVERSION = YES;
				CLANG_WARN_INFINITE_RECURSION = YES;
				CLANG_WARN_INT_CONVERSION = YES;
				CLANG_WARN_NON_LITERAL_NULL_CONVERSION = YES;
				CLANG_WARN_OBJC_IMPLICIT_RETAIN_SELF = YES;
				CLANG_WARN_OBJC_LITERAL_CONVERSION = YES;
				CLANG_WARN_OBJC_ROOT_CLASS = YES_ERROR;
				CLANG_WARN_QUOTED_INCLUDE_IN_FRAMEWORK_HEADER = YES;
				CLANG_WARN_RANGE_LOOP_ANALYSIS = YES;
				CLANG_WARN_STRICT_PROTOTYPES = YES;
				CLANG_WARN_SUSPICIOUS_MOVE = YES;
				CLANG_WARN_UNGUARDED_AVAILABILITY = YES_AGGRESSIVE;
				CLANG_WARN_UNREACHABLE_CODE = YES;
				CLANG_WARN__DUPLICATE_METHOD_MATCH = YES;
				COPY_PHASE_STRIP = NO;
				DEBUG_INFORMATION_FORMAT = "dwarf-with-dsym";
				ENABLE_NS_ASSERTIONS = NO;
				ENABLE_STRICT_OBJC_MSGSEND = YES;
				ENABLE_USER_SCRIPT_SANDBOXING = YES;
				GCC_C_LANGUAGE_STANDARD = gnu17;
				GCC_NO_COMMON_BLOCKS = YES;
				GCC_WARN_64_TO_32_BIT_CONVERSION = YES;
				GCC_WARN_ABOUT_RETURN_TYPE = YES_ERROR;
				GCC_WARN_UNDECLARED_SELECTOR = YES;
				GCC_WARN_UNINITIALIZED_AUTOS = YES_AGGRESSIVE;
				GCC_WARN_UNUSED_FUNCTION = YES;
				GCC_WARN_UNUSED_VARIABLE = YES;
				IPHONEOS_DEPLOYMENT_TARGET = 18.0;
				LOCALIZATION_PREFERS_STRING_CATALOGS = YES;
				MTL_ENABLE_DEBUG_INFO = NO;
				MTL_FAST_MATH = YES;
				SDKROOT = iphoneos;
				SWIFT_COMPILATION_MODE = wholemodule;
				VALIDATE_PRODUCT = YES;
			};
			name = Release;
		};
		C188690D2EDB64640003A8EA /* Debug */ = {
			isa = XCBuildConfiguration;
			buildSettings = {
				ASSETCATALOG_COMPILER_APPICON_NAME = AppIcon;
				ASSETCATALOG_COMPILER_GLOBAL_ACCENT_COLOR_NAME = AccentColor;
				CODE_SIGN_STYLE = Automatic;
				CURRENT_PROJECT_VERSION = 1;
				DEVELOPMENT_ASSET_PATHS = "\"ActivityTrackerClass1/Preview Content\"";
				DEVELOPMENT_TEAM = 33PDVR6SVF;
				ENABLE_PREVIEWS = YES;
				GENERATE_INFOPLIST_FILE = YES;
				INFOPLIST_KEY_UIApplicationSceneManifest_Generation = YES;
				INFOPLIST_KEY_UIApplicationSupportsIndirectInputEvents = YES;
				INFOPLIST_KEY_UILaunchScreen_Generation = YES;
				INFOPLIST_KEY_UISupportedInterfaceOrientations_iPad = "UIInterfaceOrientationPortrait UIInterfaceOrientationPortraitUpsideDown UIInterfaceOrientationLandscapeLeft UIInterfaceOrientationLandscapeRight";
				INFOPLIST_KEY_UISupportedInterfaceOrientations_iPhone = "UIInterfaceOrientationPortrait UIInterfaceOrientationLandscapeLeft UIInterfaceOrientationLandscapeRight";
				LD_RUNPATH_SEARCH_PATHS = (
					"$(inherited)",
					"@executable_path/Frameworks",
				);
				MARKETING_VERSION = 1.0;
				PRODUCT_BUNDLE_IDENTIFIER = com.ramsesGarcia.ActivityTrackerClass1;
				PRODUCT_NAME = "$(TARGET_NAME)";
				SWIFT_EMIT_LOC_STRINGS = YES;
				SWIFT_VERSION = 5.0;
				TARGETED_DEVICE_FAMILY = "1,2";
			};
			name = Debug;
		};
		C188690E2EDB64640003A8EA /* Release */ = {
			isa = XCBuildConfiguration;
			buildSettings = {
				ASSETCATALOG_COMPILER_APPICON_NAME = AppIcon;
				ASSETCATALOG_COMPILER_GLOBAL_ACCENT_COLOR_NAME = AccentColor;
				CODE_SIGN_STYLE = Automatic;
				CURRENT_PROJECT_VERSION = 1;
				DEVELOPMENT_ASSET_PATHS = "\"ActivityTrackerClass1/Preview Content\"";
				DEVELOPMENT_TEAM = 33PDVR6SVF;
				ENABLE_PREVIEWS = YES;
				GENERATE_INFOPLIST_FILE = YES;
				INFOPLIST_KEY_UIApplicationSceneManifest_Generation = YES;
				INFOPLIST_KEY_UIApplicationSupportsIndirectInputEvents = YES;
				INFOPLIST_KEY_UILaunchScreen_Generation = YES;
				INFOPLIST_KEY_UISupportedInterfaceOrientations_iPad = "UIInterfaceOrientationPortrait UIInterfaceOrientationPortraitUpsideDown UIInterfaceOrientationLandscapeLeft UIInterfaceOrientationLandscapeRight";
				INFOPLIST_KEY_UISupportedInterfaceOrientations_iPhone = "UIInterfaceOrientationPortrait UIInterfaceOrientationLandscapeLeft UIInterfaceOrientationLandscapeRight";
				LD_RUNPATH_SEARCH_PATHS = (
					"$(inherited)",
					"@executable_path/Frameworks",
				);
				MARKETING_VERSION = 1.0;
				PRODUCT_BUNDLE_IDENTIFIER = com.ramsesGarcia.ActivityTrackerClass1;
				PRODUCT_NAME = "$(TARGET_NAME)";
				SWIFT_EMIT_LOC_STRINGS = YES;
				SWIFT_VERSION = 5.0;
				TARGETED_DEVICE_FAMILY = "1,2";
			};
			name = Release;
		};
		C18869102EDB64640003A8EA /* Debug */ = {
			isa = XCBuildConfiguration;
			buildSettings = {
				BUNDLE_LOADER = "$(TEST_HOST)";
				CODE_SIGN_STYLE = Automatic;
				CURRENT_PROJECT_VERSION = 1;
				DEVELOPMENT_TEAM = 33PDVR6SVF;
				GENERATE_INFOPLIST_FILE = YES;
				IPHONEOS_DEPLOYMENT_TARGET = 18.0;
				MARKETING_VERSION = 1.0;
				PRODUCT_BUNDLE_IDENTIFIER = com.ramsesGarcia.ActivityTrackerClass1Tests;
				PRODUCT_NAME = "$(TARGET_NAME)";
				SWIFT_EMIT_LOC_STRINGS = NO;
				SWIFT_VERSION = 5.0;
				TARGETED_DEVICE_FAMILY = "1,2";
				TEST_HOST = "$(BUILT_PRODUCTS_DIR)/ActivityTrackerClass1.app/$(BUNDLE_EXECUTABLE_FOLDER_PATH)/ActivityTrackerClass1";
			};
			name = Debug;
		};
		C18869112EDB64640003A8EA /* Release */ = {
			isa = XCBuildConfiguration;
			buildSettings = {
				BUNDLE_LOADER = "$(TEST_HOST)";
				CODE_SIGN_STYLE = Automatic;
				CURRENT_PROJECT_VERSION = 1;
				DEVELOPMENT_TEAM = 33PDVR6SVF;
				GENERATE_INFOPLIST_FILE = YES;
				IPHONEOS_DEPLOYMENT_TARGET = 18.0;
				MARKETING_VERSION = 1.0;
				PRODUCT_BUNDLE_IDENTIFIER = com.ramsesGarcia.ActivityTrackerClass1Tests;
				PRODUCT_NAME = "$(TARGET_NAME)";
				SWIFT_EMIT_LOC_STRINGS = NO;
				SWIFT_VERSION = 5.0;
				TARGETED_DEVICE_FAMILY = "1,2";
				TEST_HOST = "$(BUILT_PRODUCTS_DIR)/ActivityTrackerClass1.app/$(BUNDLE_EXECUTABLE_FOLDER_PATH)/ActivityTrackerClass1";
			};
			name = Release;
		};
		C18869132EDB64640003A8EA /* Debug */ = {
			isa = XCBuildConfiguration;
			buildSettings = {
				CODE_SIGN_STYLE = Automatic;
				CURRENT_PROJECT_VERSION = 1;
				DEVELOPMENT_TEAM = 33PDVR6SVF;
				GENERATE_INFOPLIST_FILE = YES;
				MARKETING_VERSION = 1.0;
				PRODUCT_BUNDLE_IDENTIFIER = com.ramsesGarcia.ActivityTrackerClass1UITests;
				PRODUCT_NAME = "$(TARGET_NAME)";
				SWIFT_EMIT_LOC_STRINGS = NO;
				SWIFT_VERSION = 5.0;
				TARGETED_DEVICE_FAMILY = "1,2";
				TEST_TARGET_NAME = ActivityTrackerClass1;
			};
			name = Debug;
		};
		C18869142EDB64640003A8EA /* Release */ = {
			isa = XCBuildConfiguration;
			buildSettings = {
				CODE_SIGN_STYLE = Automatic;
				CURRENT_PROJECT_VERSION = 1;
				DEVELOPMENT_TEAM = 33PDVR6SVF;
				GENERATE_INFOPLIST_FILE = YES;
				MARKETING_VERSION = 1.0;
				PRODUCT_BUNDLE_IDENTIFIER = com.ramsesGarcia.ActivityTrackerClass1UITests;
				PRODUCT_NAME = "$(TARGET_NAME)";
				SWIFT_EMIT_LOC_STRINGS = NO;
				SWIFT_VERSION = 5.0;
				TARGETED_DEVICE_FAMILY = "1,2";
				TEST_TARGET_NAME = ActivityTrackerClass1;
			};
			name = Release;
		};
/* End XCBuildConfiguration section */

/* Begin XCConfigurationList section */
		C18868E32EDB64610003A8EA /* Build configuration list for PBXProject "ActivityTrackerClass1" */ = {
			isa = XCConfigurationList;
			buildConfigurations = (
				C188690A2EDB64640003A8EA /* Debug */,
				C188690B2EDB64640003A8EA /* Release */,
			);
			defaultConfigurationIsVisible = 0;
			defaultConfigurationName = Release;
		};
		C188690C2EDB64640003A8EA /* Build configuration list for PBXNativeTarget "ActivityTrackerClass1" */ = {
			isa = XCConfigurationList;
			buildConfigurations = (
				C188690D2EDB64640003A8EA /* Debug */,
				C188690E2EDB64640003A8EA /* Release */,
			);
			defaultConfigurationIsVisible = 0;
			defaultConfigurationName = Release;
		};
		C188690F2EDB64640003A8EA /* Build configuration list for PBXNativeTarget "ActivityTrackerClass1Tests" */ = {
			isa = XCConfigurationList;
			buildConfigurations = (
				C18869102EDB64640003A8EA /* Debug */,
				C18869112EDB64640003A8EA /* Release */,
			);
			defaultConfigurationIsVisible = 0;
			defaultConfigurationName = Release;
		};
		C18869122EDB64640003A8EA /* Build configuration list for PBXNativeTarget "ActivityTrackerClass1UITests" */ = {
			isa = XCConfigurationList;
			buildConfigurations = (
				C18869132EDB64640003A8EA /* Debug */,
				C18869142EDB64640003A8EA /* Release */,
			);
			defaultConfigurationIsVisible = 0;
			defaultConfigurationName = Release;
		};
/* End XCConfigurationList section */
	};
	rootObject = C18868E02EDB64610003A8EA /* Project object */;
}
